// !$*UTF8*$!
{
	archiveVersion = 1;
	classes = {
	};
	objectVersion = 46;
	objects = {

/* Begin PBXBuildFile section */
		B5B530521F3C56B0007B3C64 /* AppDelegate.swift in Sources */ = {isa = PBXBuildFile; fileRef = B5B530511F3C56B0007B3C64 /* AppDelegate.swift */; };
		B5B530541F3C56B0007B3C64 /* ViewController.swift in Sources */ = {isa = PBXBuildFile; fileRef = B5B530531F3C56B0007B3C64 /* ViewController.swift */; };
		B5B530571F3C56B0007B3C64 /* Main.storyboard in Resources */ = {isa = PBXBuildFile; fileRef = B5B530551F3C56B0007B3C64 /* Main.storyboard */; };
		B5B530591F3C56B0007B3C64 /* Assets.xcassets in Resources */ = {isa = PBXBuildFile; fileRef = B5B530581F3C56B0007B3C64 /* Assets.xcassets */; };
		B5B5305C1F3C56B0007B3C64 /* LaunchScreen.storyboard in Resources */ = {isa = PBXBuildFile; fileRef = B5B5305A1F3C56B0007B3C64 /* LaunchScreen.storyboard */; };
/* End PBXBuildFile section */

/* Begin PBXFileReference section */
		B5B5304E1F3C56B0007B3C64 /* Instrument.app */ = {isa = PBXFileReference; explicitFileType = wrapper.application; includeInIndex = 0; path = Instrument.app; sourceTree = BUILT_PRODUCTS_DIR; };
		B5B530511F3C56B0007B3C64 /* AppDelegate.swift */ = {isa = PBXFileReference; lastKnownFileType = sourcecode.swift; path = AppDelegate.swift; sourceTree = "<group>"; };
		B5B530531F3C56B0007B3C64 /* ViewController.swift */ = {isa = PBXFileReference; lastKnownFileType = sourcecode.swift; path = ViewController.swift; sourceTree = "<group>"; };
		B5B530561F3C56B0007B3C64 /* Base */ = {isa = PBXFileReference; lastKnownFileType = file.storyboard; name = Base; path = Base.lproj/Main.storyboard; sourceTree = "<group>"; };
		B5B530581F3C56B0007B3C64 /* Assets.xcassets */ = {isa = PBXFileReference; lastKnownFileType = folder.assetcatalog; path = Assets.xcassets; sourceTree = "<group>"; };
		B5B5305B1F3C56B0007B3C64 /* Base */ = {isa = PBXFileReference; lastKnownFileType = file.storyboard; name = Base; path = Base.lproj/LaunchScreen.storyboard; sourceTree = "<group>"; };
		B5B5305D1F3C56B0007B3C64 /* Info.plist */ = {isa = PBXFileReference; lastKnownFileType = text.plist.xml; path = Info.plist; sourceTree = "<group>"; };
/* End PBXFileReference section */

/* Begin PBXFrameworksBuildPhase section */
		B5B5304B1F3C56B0007B3C64 /* Frameworks */ = {
			isa = PBXFrameworksBuildPhase;
			buildActionMask = 2147483647;
			files = (
			);
			runOnlyForDeploymentPostprocessing = 0;
		};
/* End PBXFrameworksBuildPhase section */

/* Begin PBXGroup section */
		B5B530451F3C56B0007B3C64 = {
			isa = PBXGroup;
			children = (
				B5B530501F3C56B0007B3C64 /* Instrument */,
				B5B5304F1F3C56B0007B3C64 /* Products */,
			);
			sourceTree = "<group>";
		};
		B5B5304F1F3C56B0007B3C64 /* Products */ = {
			isa = PBXGroup;
			children = (
				B5B5304E1F3C56B0007B3C64 /* Instrument.app */,
			);
			name = Products;
			sourceTree = "<group>";
		};
		B5B530501F3C56B0007B3C64 /* Instrument */ = {
			isa = PBXGroup;
			children = (
				B5B530511F3C56B0007B3C64 /* AppDelegate.swift */,
				B5B530531F3C56B0007B3C64 /* ViewController.swift */,
				B5B530551F3C56B0007B3C64 /* Main.storyboard */,
				B5B530581F3C56B0007B3C64 /* Assets.xcassets */,
				B5B5305A1F3C56B0007B3C64 /* LaunchScreen.storyboard */,
				B5B5305D1F3C56B0007B3C64 /* Info.plist */,
			);
			path = Instrument;
			sourceTree = "<group>";
		};
/* End PBXGroup section */

/* Begin PBXNativeTarget section */
		B5B5304D1F3C56B0007B3C64 /* Instrument */ = {
			isa = PBXNativeTarget;
			buildConfigurationList = B5B530601F3C56B0007B3C64 /* Build configuration list for PBXNativeTarget "Instrument" */;
			buildPhases = (
				B5B5304A1F3C56B0007B3C64 /* Sources */,
				B5B5304B1F3C56B0007B3C64 /* Frameworks */,
				B5B5304C1F3C56B0007B3C64 /* Resources */,
			);
			buildRules = (
			);
			dependencies = (
			);
			name = Instrument;
			productName = Instrument;
			productReference = B5B5304E1F3C56B0007B3C64 /* Instrument.app */;
			productType = "com.apple.product-type.application";
		};
/* End PBXNativeTarget section */

/* Begin PBXProject section */
		B5B530461F3C56B0007B3C64 /* Project object */ = {
			isa = PBXProject;
			attributes = {
				LastSwiftUpdateCheck = 0820;
				LastUpgradeCheck = 0820;
				ORGANIZATIONNAME = "Hamzah Mugharbil";
				TargetAttributes = {
					B5B5304D1F3C56B0007B3C64 = {
						CreatedOnToolsVersion = 8.2.1;
						DevelopmentTeam = Y42DA4P669;
						ProvisioningStyle = Automatic;
					};
				};
			};
			buildConfigurationList = B5B530491F3C56B0007B3C64 /* Build configuration list for PBXProject "Instrument" */;
			compatibilityVersion = "Xcode 3.2";
			developmentRegion = English;
			hasScannedForEncodings = 0;
			knownRegions = (
				en,
				Base,
			);
			mainGroup = B5B530451F3C56B0007B3C64;
			productRefGroup = B5B5304F1F3C56B0007B3C64 /* Products */;
			projectDirPath = "";
			projectRoot = "";
			targets = (
				B5B5304D1F3C56B0007B3C64 /* Instrument */,
			);
		};
/* End PBXProject section */

/* Begin PBXResourcesBuildPhase section */
		B5B5304C1F3C56B0007B3C64 /* Resources */ = {
			isa = PBXResourcesBuildPhase;
			buildActionMask = 2147483647;
			files = (
				B5B5305C1F3C56B0007B3C64 /* LaunchScreen.storyboard in Resources */,
				B5B530591F3C56B0007B3C64 /* Assets.xcassets in Resources */,
				B5B530571F3C56B0007B3C64 /* Main.storyboard in Resources */,
			);
			runOnlyForDeploymentPostprocessing = 0;
		};
/* End PBXResourcesBuildPhase section */

/* Begin PBXSourcesBuildPhase section */
		B5B5304A1F3C56B0007B3C64 /* Sources */ = {
			isa = PBXSourcesBuildPhase;
			buildActionMask = 2147483647;
			files = (
				B5B530541F3C56B0007B3C64 /* ViewController.swift in Sources */,
				B5B530521F3C56B0007B3C64 /* AppDelegate.swift in Sources */,
			);
			runOnlyForDeploymentPostprocessing = 0;
		};
/* End PBXSourcesBuildPhase section */

/* Begin PBXVariantGroup section */
		B5B530551F3C56B0007B3C64 /* Main.storyboard */ = {
			isa = PBXVariantGroup;
			children = (
				B5B530561F3C56B0007B3C64 /* Base */,
			);
			name = Main.storyboard;
			sourceTree = "<group>";
		};
		B5B5305A1F3C56B0007B3C64 /* LaunchScreen.storyboard */ = {
			isa = PBXVariantGroup;
			children = (
				B5B5305B1F3C56B0007B3C64 /* Base */,
			);
			name = LaunchScreen.storyboard;
			sourceTree = "<group>";
		};
/* End PBXVariantGroup section */

/* Begin XCBuildConfiguration section */
		B5B5305E1F3C56B0007B3C64 /* Debug */ = {
			isa = XCBuildConfiguration;
			buildSettings = {
				ALWAYS_SEARCH_USER_PATHS = NO;
				CLANG_ANALYZER_NONNULL = YES;
				CLANG_CXX_LANGUAGE_STANDARD = "gnu++0x";
				CLANG_CXX_LIBRARY = "libc++";
				CLANG_ENABLE_MODULES = YES;
				CLANG_ENABLE_OBJC_ARC = YES;
				CLANG_WARN_BOOL_CONVERSION = YES;
				CLANG_WARN_CONSTANT_CONVERSION = YES;
				CLANG_WARN_DIRECT_OBJC_ISA_USAGE = YES_ERROR;
				CLANG_WARN_DOCUMENTATION_COMMENTS = YES;
				CLANG_WARN_EMPTY_BODY = YES;
				CLANG_WARN_ENUM_CONVERSION = YES;
				CLANG_WARN_INFINITE_RECURSION = YES;
				CLANG_WARN_INT_CONVERSION = YES;
				CLANG_WARN_OBJC_ROOT_CLASS = YES_ERROR;
				CLANG_WARN_SUSPICIOUS_MOVE = YES;
				CLANG_WARN_UNREACHABLE_CODE = YES;
				CLANG_WARN__DUPLICATE_METHOD_MATCH = YES;
				"CODE_SIGN_IDENTITY[sdk=iphoneos*]" = "iPhone Developer";
				COPY_PHASE_STRIP = NO;
				DEBUG_INFORMATION_FORMAT = dwarf;
				ENABLE_STRICT_OBJC_MSGSEND = YES;
				ENABLE_TESTABILITY = YES;
				GCC_C_LANGUAGE_STANDARD = gnu99;
				GCC_DYNAMIC_NO_PIC = NO;
				GCC_NO_COMMON_BLOCKS = YES;
				GCC_OPTIMIZATION_LEVEL = 0;
				GCC_PREPROCESSOR_DEFINITIONS = (
					"DEBUG=1",
					"$(inherited)",
				);
				GCC_WARN_64_TO_32_BIT_CONVERSION = YES;
				GCC_WARN_ABOUT_RETURN_TYPE = YES_ERROR;
				GCC_WARN_UNDECLARED_SELECTOR = YES;
				GCC_WARN_UNINITIALIZED_AUTOS = YES_AGGRESSIVE;
				GCC_WARN_UNUSED_FUNCTION = YES;
				GCC_WARN_UNUSED_VARIABLE = YES;
				IPHONEOS_DEPLOYMENT_TARGET = 10.2;
				MTL_ENABLE_DEBUG_INFO = YES;
				ONLY_ACTIVE_ARCH = YES;
				SDKROOT = iphoneos;
				SWIFT_ACTIVE_COMPILATION_CONDITIONS = DEBUG;
				SWIFT_OPTIMIZATION_LEVEL = "-Onone";
			};
			name = Debug;
		};
		B5B5305F1F3C56B0007B3C64 /* Release */ = {
			isa = XCBuildConfiguration;
			buildSettings = {
				ALWAYS_SEARCH_USER_PATHS = NO;
				CLANG_ANALYZER_NONNULL = YES;
				CLANG_CXX_LANGUAGE_STANDARD = "gnu++0x";
				CLANG_CXX_LIBRARY = "libc++";
				CLANG_ENABLE_MODULES = YES;
				CLANG_ENABLE_OBJC_ARC = YES;
				CLANG_WARN_BOOL_CONVERSION = YES;
				CLANG_WARN_CONSTANT_CONVERSION = YES;
				CLANG_WARN_DIRECT_OBJC_ISA_USAGE = YES_ERROR;
				CLANG_WARN_DOCUMENTATION_COMMENTS = YES;
				CLANG_WARN_EMPTY_BODY = YES;
				CLANG_WARN_ENUM_CONVERSION = YES;
				CLANG_WARN_INFINITE_RECURSION = YES;
				CLANG_WARN_INT_CONVERSION = YES;
				CLANG_WARN_OBJC_ROOT_CLASS = YES_ERROR;
				CLANG_WARN_SUSPICIOUS_MOVE = YES;
				CLANG_WARN_UNREACHABLE_CODE = YES;
				CLANG_WARN__DUPLICATE_METHOD_MATCH = YES;
				"CODE_SIGN_IDENTITY[sdk=iphoneos*]" = "iPhone Developer";
				COPY_PHASE_STRIP = NO;
				DEBUG_INFORMATION_FORMAT = "dwarf-with-dsym";
				ENABLE_NS_ASSERTIONS = NO;
				ENABLE_STRICT_OBJC_MSGSEND = YES;
				GCC_C_LANGUAGE_STANDARD = gnu99;
				GCC_NO_COMMON_BLOCKS = YES;
				GCC_WARN_64_TO_32_BIT_CONVERSION = YES;
				GCC_WARN_ABOUT_RETURN_TYPE = YES_ERROR;
				GCC_WARN_UNDECLARED_SELECTOR = YES;
				GCC_WARN_UNINITIALIZED_AUTOS = YES_AGGRESSIVE;
				GCC_WARN_UNUSED_FUNCTION = YES;
				GCC_WARN_UNUSED_VARIABLE = YES;
				IPHONEOS_DEPLOYMENT_TARGET = 10.2;
				MTL_ENABLE_DEBUG_INFO = NO;
				SDKROOT = iphoneos;
				SWIFT_OPTIMIZATION_LEVEL = "-Owholemodule";
				VALIDATE_PRODUCT = YES;
			};
			name = Release;
		};
		B5B530611F3C56B0007B3C64 /* Debug */ = {
			isa = XCBuildConfiguration;
			buildSettings = {
				ASSETCATALOG_COMPILER_APPICON_NAME = AppIcon;
				DEVELOPMENT_TEAM = Y42DA4P669;
				INFOPLIST_FILE = Instrument/Info.plist;
				LD_RUNPATH_SEARCH_PATHS = "$(inherited) @executable_path/Frameworks";
				PRODUCT_BUNDLE_IDENTIFIER = com.hamzahmugharbil.Instrument;
				PRODUCT_NAME = "$(TARGET_NAME)";
				SWIFT_VERSION = 3.0;
			};
			name = Debug;
		};
		B5B530621F3C56B0007B3C64 /* Release */ = {
			isa = XCBuildConfiguration;
			buildSettings = {
				ASSETCATALOG_COMPILER_APPICON_NAME = AppIcon;
				DEVELOPMENT_TEAM = Y42DA4P669;
				INFOPLIST_FILE = Instrument/Info.plist;
				LD_RUNPATH_SEARCH_PATHS = "$(inherited) @executable_path/Frameworks";
				PRODUCT_BUNDLE_IDENTIFIER = com.hamzahmugharbil.Instrument;
				PRODUCT_NAME = "$(TARGET_NAME)";
				SWIFT_VERSION = 3.0;
			};
			name = Release;
		};
/* End XCBuildConfiguration section */

/* Begin XCConfigurationList section */
		B5B530491F3C56B0007B3C64 /* Build configuration list for PBXProject "Instrument" */ = {
			isa = XCConfigurationList;
			buildConfigurations = (
				B5B5305E1F3C56B0007B3C64 /* Debug */,
				B5B5305F1F3C56B0007B3C64 /* Release */,
			);
			defaultConfigurationIsVisible = 0;
			defaultConfigurationName = Release;
		};
		B5B530601F3C56B0007B3C64 /* Build configuration list for PBXNativeTarget "Instrument" */ = {
			isa = XCConfigurationList;
			buildConfigurations = (
				B5B530611F3C56B0007B3C64 /* Debug */,
				B5B530621F3C56B0007B3C64 /* Release */,
			);
			defaultConfigurationIsVisible = 0;
		};
/* End XCConfigurationList section */
	};
	rootObject = B5B530461F3C56B0007B3C64 /* Project object */;
}
